
Microsoft Visual Studio Solution File, Format Version 11.00
# Visual Studio 2010
Project("{FAE04EC0-301F-11D3-BF4B-00C04F79EFBC}") = "Beta 1.5", "Assembly-CSharp.csproj", "{64CB4E22-F8D4-A61B-1511-D51FE9DB42F3}"
EndProject
Project("{FAE04EC0-301F-11D3-BF4B-00C04F79EFBC}") = "Beta 1.5", "Assembly-CSharp-Editor.csproj", "{8A5C5832-D743-1F92-EB0B-8675DE5CD491}"
EndProject
Global
	GlobalSection(SolutionConfigurationPlatforms) = preSolution
		Debug|Any CPU = Debug|Any CPU
		Release|Any CPU = Release|Any CPU
	EndGlobalSection
	GlobalSection(ProjectConfigurationPlatforms) = postSolution
		{64CB4E22-F8D4-A61B-1511-D51FE9DB42F3}.Debug|Any CPU.ActiveCfg = Debug|Any CPU
		{64CB4E22-F8D4-A61B-1511-D51FE9DB42F3}.Debug|Any CPU.Build.0 = Debug|Any CPU
		{64CB4E22-F8D4-A61B-1511-D51FE9DB42F3}.Release|Any CPU.ActiveCfg = Release|Any CPU
		{64CB4E22-F8D4-A61B-1511-D51FE9DB42F3}.Release|Any CPU.Build.0 = Release|Any CPU
		{8A5C5832-D743-1F92-EB0B-8675DE5CD491}.Debug|Any CPU.ActiveCfg = Debug|Any CPU
		{8A5C5832-D743-1F92-EB0B-8675DE5CD491}.Debug|Any CPU.Build.0 = Debug|Any CPU
		{8A5C5832-D743-1F92-EB0B-8675DE5CD491}.Release|Any CPU.ActiveCfg = Release|Any CPU
		{8A5C5832-D743-1F92-EB0B-8675DE5CD491}.Release|Any CPU.Build.0 = Release|Any CPU
	EndGlobalSection
	GlobalSection(SolutionProperties) = preSolution
		HideSolutionNode = FALSE
	EndGlobalSection
	GlobalSection(MonoDevelopProperties) = preSolution
		StartupItem = Assembly-CSharp.csproj
	EndGlobalSection
EndGlobal
